<?xml version="1.0" encoding="utf-8"?>
<Project ToolsVersion="4.0" xmlns="http://schemas.microsoft.com/developer/msbuild/2003">
  <ItemGroup>
    <ClCompile Include="BulletHellLeo\Bullet.cpp" />
    <ClCompile Include="BulletHellLeo\BulletHellPlayer.cpp" />
    <ClCompile Include="BulletHellLeo\BulletHellScene.cpp" />
    <ClCompile Include="BulletHellLeo\BulletSpawner.cpp" />
    <ClCompile Include="BulletHellLeo\Enemy.cpp" />
    <ClCompile Include="BulletHellLeo\Game.cpp" />
    <ClCompile Include="ClickerLeo\AnimalData.cpp" />
    <ClCompile Include="ClickerLeo\ClickArea.cpp" />
    <ClCompile Include="ClickerLeo\ClickComponent.cpp" />
    <ClCompile Include="ClickerLeo\FloatingTextComponent.cpp" />
    <ClCompile Include="ClickerLeo\GameManager.cpp" />
    <ClCompile Include="ClickerLeo\MainScene.cpp" />
    <ClCompile Include="ClickerLeo\ShopItem.cpp" />
    <ClCompile Include="ClickerLeo\ShopPanel.cpp" />
    <ClCompile Include="BulletHellAlice\Enemy\FanShooter.cpp" />
    <ClCompile Include="BulletHellAlice\Enemy\CurtainSpawner.cpp" />
    <ClCompile Include="BulletHellAlice\Enemy\EasySentry.cpp" />
    <ClCompile Include="BulletHellAlice\HealthBarRenderer.cpp" />
    <ClCompile Include="BulletHellAlice\HitboxRenderer.cpp" />
    <ClCompile Include="BulletHellAlice\PlayerController.cpp" />
    <ClCompile Include="BulletHellAlice\ProgressionManager.cpp" />
    <ClCompile Include="BulletHellAlice\Scenes\GameScene.cpp" />
    <ClCompile Include="ClickerAlice\AutoClicker.cpp" />
    <ClCompile Include="ClickerAlice\ClickerComponent.cpp" />
    <ClCompile Include="ClickerAlice\Scenes\ClickerScene.cpp" />
    <ClCompile Include="ClickerAlice\UpgradeComponent.cpp" />
    <ClCompile Include="main.cpp" />
    <ClCompile Include="TowerDefenseAlice\Ennemis\EnemyMovement.cpp" />
    <ClCompile Include="TowerDefenseAlice\Ennemis\EnemySpawner.cpp" />
    <ClCompile Include="TowerDefenseAlice\Health\Health.cpp" />
    <ClCompile Include="TowerDefenseAlice\Scenes\TDScene.cpp" />
    <ClCompile Include="TowerDefenseAlice\Towers\Projectile.cpp" />
    <ClCompile Include="TowerDefenseAlice\Towers\Tower.cpp" />
    <ClCompile Include="TowerDefenseAlice\Towers\TowerManager.cpp" />
    <ClCompile Include="TowerDefenseLeo\EnemyComponent.cpp" />
    <ClCompile Include="TowerDefenseLeo\InputComponent.cpp" />
    <ClCompile Include="TowerDefenseLeo\ProjectileComponent.cpp" />
    <ClCompile Include="TowerDefenseLeo\TDScene.cpp" />
    <ClCompile Include="TowerDefenseLeo\TowerComponent.cpp" />
    <ClCompile Include="TowerDefenseLeo\UIComponent.cpp" />
    <ClCompile Include="TowerDefenseLeo\WaveManagerComponent.cpp" />
    <ClCompile Include="pch.cpp" />
  </ItemGroup>
  <ItemGroup>
    <ClInclude Include="BulletHellLeo\Bullet.h" />
    <ClInclude Include="BulletHellLeo\BulletHellPlayer.h" />
    <ClInclude Include="BulletHellLeo\BulletHellScene.h" />
    <ClInclude Include="BulletHellLeo\BulletSpawner.h" />
    <ClInclude Include="BulletHellLeo\Enemy.h" />
    <ClInclude Include="BulletHellLeo\Game.h" />
    <ClInclude Include="ClickerLeo\AnimalData.h" />
    <ClInclude Include="ClickerLeo\ClickArea.h" />
    <ClInclude Include="ClickerLeo\ClickComponent.h" />
    <ClInclude Include="ClickerLeo\FloatingTextComponent.h" />
    <ClInclude Include="ClickerLeo\GameManager.h" />
    <ClInclude Include="ClickerLeo\MainScene.h" />
    <ClInclude Include="ClickerLeo\ShopItem.h" />
    <ClInclude Include="ClickerLeo\ShopPanel.h" />
    <ClInclude Include="include\Demo\Player.h" />
    <ClInclude Include="include\Demo\Tile.h" />
    <ClInclude Include="ClickerAlice\AutoClicker.h" />
    <ClInclude Include="BulletHellAlice\PlayerController.h" />
    <ClInclude Include="BulletHellAlice\Scenes\GameScene.h" />
    <ClInclude Include="BulletHellAlice\Enemy\Projectile.h" />
    <ClInclude Include="BulletHellAlice\Enemy\FanShooter.h" />
    <ClInclude Include="BulletHellAlice\Enemy\CurtainSpawner.h" />
    <ClInclude Include="BulletHellAlice\ProgressionManager.h" />
    <ClInclude Include="BulletHellAlice\Enemy\EasySentry.h" />
    <ClInclude Include="BulletHellAlice\HitboxRenderer.h" />
    <ClInclude Include="BulletHellAlice\HealthBarRenderer.h" />
    <ClInclude Include="ClickerAlice\ClickerComponent.h" />
    <ClInclude Include="ClickerAlice\Scenes\ClickerScene.h" />
    <ClInclude Include="TowerDefenseAlice\Health\Health.h" />
    <ClInclude Include="TowerDefenseAlice\Towers\Projectile.h" />
    <ClInclude Include="TowerDefenseAlice\Towers\Tower.h" />
    <ClInclude Include="TowerDefenseAlice\Scenes\TDScene.h" />
    <ClInclude Include="TowerDefenseAlice\Ennemis\EnemyMovement.h" />
    <ClInclude Include="TowerDefenseAlice\Ennemis\EnemySpawner.h" />
    <ClInclude Include="TowerDefenseAlice\Towers\TowerManager.h" />
    <ClInclude Include="ClickerAlice\UpgradeComponent.h" />
    <ClInclude Include="TowerDefenseLeo\EnemyComponent.h" />
    <ClInclude Include="TowerDefenseLeo\InputComponent.h" />
    <ClInclude Include="TowerDefenseLeo\ProjectileComponent.h" />
    <ClInclude Include="TowerDefenseLeo\TDScene.h" />
    <ClInclude Include="TowerDefenseLeo\TowerComponent.h" />
    <ClInclude Include="TowerDefenseLeo\UIComponent.h" />
    <ClInclude Include="TowerDefenseLeo\WaveManagerComponent.h" />
  </ItemGroup>
</Project>