<?xml version="1.0" encoding="utf-8"?>
<Project ToolsVersion="4.0" xmlns="http://schemas.microsoft.com/developer/msbuild/2003">
  <ItemGroup>
    <ClCompile Include="BulletHellAlice\Scenes\GameScene.cpp" />
    <ClCompile Include="BulletHellLeo\Bullet.cpp" />
    <ClCompile Include="BulletHellLeo\BulletHellPlayer.cpp" />
    <ClCompile Include="BulletHellLeo\BulletHellScene.cpp" />
    <ClCompile Include="BulletHellLeo\BulletSpawner.cpp" />
    <ClCompile Include="BulletHellLeo\Enemy.cpp" />
    <ClCompile Include="BulletHellLeo\Game.cpp" />
    <ClCompile Include="ClickerLeo\AnimalData.cpp" />
    <ClCompile Include="ClickerLeo\ClickArea.cpp" />
    <ClCompile Include="ClickerLeo\ClickComponent.cpp" />
    <ClCompile Include="ClickerLeo\FloatingTextComponent.cpp" />
    <ClCompile Include="ClickerLeo\GameManager.cpp" />
    <ClCompile Include="ClickerLeo\MainScene.cpp" />
    <ClCompile Include="ClickerLeo\ShopItem.cpp" />
    <ClCompile Include="ClickerLeo\ShopPanel.cpp" />
    <ClCompile Include="BulletHellAlice\PlayerController.cpp" />
    <ClCompile Include="BulletHellAlice\Enemy\FanShooter.cpp" />
    <ClCompile Include="BulletHellAlice\Enemy\CurtainSpawner.cpp" />
    <ClCompile Include="BulletHellAlice\Enemy\EasySentry.cpp" />
    <ClCompile Include="BulletHellAlice\HitboxRenderer.cpp" />
    <ClCompile Include="BulletHellAlice\HealthBarRenderer.cpp" />
    <ClCompile Include="TowerDefense\Towers\Tower.cpp" />
    <ClCompile Include="TowerDefense\Scenes\TDScene.cpp" />
    <ClCompile Include="TowerDefense\Ennemis\EnemyMovement.cpp" />
    <ClCompile Include="TowerDefense\Ennemis\EnemySpawner.cpp" />
    <ClCompile Include="main.cpp" />
    <ClCompile Include="BulletHellAlice\Enemy\Projectile.cpp" />
    <ClCompile Include="BulletHellAlice\ProgressionManager.cpp" />
    <ClCompile Include="Clicker\AutoClicker.cpp" />
    <ClCompile Include="Clicker\ClickerComponent.cpp" />
    <ClCompile Include="Clicker\Scenes\ClickerScene.cpp" />
    <ClCompile Include="Clicker\UpgradeComponent.cpp" />
    <ClCompile Include="TowerDefense\Health\Health.cpp" />
    <ClCompile Include="TowerDefense\Towers\Projectile.cpp" />
    <ClCompile Include="TowerDefense\Towers\TowerManager.cpp" />
    <ClCompile Include="TowerDefenseLeo\EnemyComponent.cpp" />
    <ClCompile Include="TowerDefenseLeo\InputComponent.cpp" />
    <ClCompile Include="TowerDefenseLeo\ProjectileComponent.cpp" />
    <ClCompile Include="TowerDefenseLeo\TDScene.cpp" />
    <ClCompile Include="TowerDefenseLeo\TowerComponent.cpp" />
    <ClCompile Include="TowerDefenseLeo\UIComponent.cpp" />
    <ClCompile Include="TowerDefenseLeo\WaveManagerComponent.cpp" />
    <ClCompile Include="pch.cpp" />
  </ItemGroup>
  <ItemGroup>
    <ClCompile Include="main.cpp">
      <Filter>Source Files</Filter>
    </ClCompile>
    <ClCompile Include="Clicker\AutoClicker.cpp">
      <Filter>Source Files</Filter>
    </ClCompile>
    <ClCompile Include="Clicker\ClickerComponent.cpp">
      <Filter>Source Files</Filter>
    </ClCompile>
    <ClCompile Include="Clicker\UpgradeComponent.cpp">
      <Filter>Source Files</Filter>
    </ClCompile>
    <ClCompile Include="TowerDefense\Ennemis\EnemyMovement.cpp">
      <Filter>Source Files</Filter>
    </ClCompile>
    <ClCompile Include="TowerDefense\Ennemis\EnemySpawner.cpp">
      <Filter>Source Files</Filter>
    </ClCompile>
    <ClCompile Include="TowerDefense\Health\Health.cpp">
      <Filter>Source Files</Filter>
    </ClCompile>
    <ClCompile Include="TowerDefenseAlice\Scenes\TDScene.cpp">
      <Filter>Source Files</Filter>
    </ClCompile>
    <ClCompile Include="TowerDefense\Towers\Projectile.cpp">
      <Filter>Source Files</Filter>
    </ClCompile>
    <ClCompile Include="TowerDefense\Towers\Tower.cpp">
      <Filter>Source Files</Filter>
    </ClCompile>
    <ClCompile Include="TowerDefense\Towers\TowerManager.cpp">
      <Filter>Source Files</Filter>
    </ClCompile>
    <ClCompile Include="BulletHellAlice\Scenes\GameScene.cpp">
      <Filter>Source Files</Filter>
    </ClCompile>
    <ClCompile Include="ClickerAlice\Scenes\ClickerScene.cpp">
      <Filter>Source Files</Filter>
    </ClCompile>
  </ItemGroup>
  <ItemGroup>
    <ClInclude Include="BulletHellAlice\PlayerController.h">
      <Filter>Header Files</Filter>
    </ClInclude>
    <ClInclude Include="BulletHellAlice\Scenes\GameScene.h">
      <Filter>Header Files</Filter>
    </ClInclude>
    <ClInclude Include="BulletHellAlice\Enemy\Projectile.h">
      <Filter>Header Files</Filter>
    </ClInclude>
    <ClInclude Include="BulletHellAlice\Enemy\FanShooter.h">
      <Filter>Header Files</Filter>
    </ClInclude>
    <ClInclude Include="BulletHellAlice\Enemy\CurtainSpawner.h">
      <Filter>Header Files</Filter>
    </ClInclude>
    <ClInclude Include="BulletHellAlice\ProgressionManager.h">
      <Filter>Header Files</Filter>
    </ClInclude>
    <ClInclude Include="BulletHellAlice\Enemy\EasySentry.h">
      <Filter>Header Files</Filter>
    </ClInclude>
    <ClInclude Include="BulletHellAlice\HitboxRenderer.h">
      <Filter>Header Files</Filter>
    </ClInclude>
    <ClInclude Include="BulletHellAlice\HealthBarRenderer.h">
      <Filter>Header Files</Filter>
    </ClInclude>
    <ClInclude Include="TowerDefense\Ennemis\EnemySpawner.h">
      <Filter>Header Files</Filter>
    </ClInclude>
    <ClInclude Include="TowerDefense\Ennemis\EnemyMovement.h">
      <Filter>Header Files</Filter>
    </ClInclude>
    <ClInclude Include="TowerDefense\Scenes\TDScene.h">
      <Filter>Header Files</Filter>
    </ClInclude>
    <ClInclude Include="TowerDefense\Towers\Tower.h">
      <Filter>Header Files</Filter>
    </ClInclude>
    <ClInclude Include="TowerDefense\Towers\TowerManager.h">
      <Filter>Header Files</Filter>
    </ClInclude>
    <ClInclude Include="TowerDefense\Towers\Projectile.h">
      <Filter>Header Files</Filter>
    </ClInclude>
    <ClInclude Include="TowerDefense\Health\Health.h">
      <Filter>Header Files</Filter>
    </ClInclude>
    <ClInclude Include="Clicker\Scenes\ClickerScene.h">
      <Filter>Header Files</Filter>
    </ClInclude>
    <ClInclude Include="Clicker\ClickerComponent.h">
      <Filter>Header Files</Filter>
    </ClInclude>
    <ClInclude Include="Clicker\UpgradeComponent.h">
      <Filter>Header Files</Filter>
    </ClInclude>
    <ClInclude Include="Clicker\AutoClicker.h">
      <Filter>Header Files</Filter>
    </ClInclude>
    <ClInclude Include="include\Demo\Player.h">
      <Filter>Header Files</Filter>
    </ClInclude>
    <ClInclude Include="include\Demo\Tile.h">
      <Filter>Header Files</Filter>
    </ClInclude>
  </ItemGroup>
</Project>